
Microsoft Visual Studio Solution File, Format Version 12.00
# Visual Studio Version 16
VisualStudioVersion = 16.0.30204.135
MinimumVisualStudioVersion = 10.0.40219.1
Project("{FAE04EC0-301F-11D3-BF4B-00C04F79EFBC}") = "DragIt", "DragIt\DragIt.csproj", "{3634F435-7350-4EF1-BC4C-1FF98347D984}"
EndProject
Global
	GlobalSection(SolutionConfigurationPlatforms) = preSolution
		Debug|Any CPU = Debug|Any CPU
		Release|Any CPU = Release|Any CPU
	EndGlobalSection
	GlobalSection(ProjectConfigurationPlatforms) = postSolution
		{3634F435-7350-4EF1-BC4C-1FF98347D984}.Debug|Any CPU.ActiveCfg = Debug|Any CPU
		{3634F435-7350-4EF1-BC4C-1FF98347D984}.Debug|Any CPU.Build.0 = Debug|Any CPU
		{3634F435-7350-4EF1-BC4C-1FF98347D984}.Release|Any CPU.ActiveCfg = Release|Any CPU
		{3634F435-7350-4EF1-BC4C-1FF98347D984}.Release|Any CPU.Build.0 = Release|Any CPU
	EndGlobalSection
	GlobalSection(SolutionProperties) = preSolution
		HideSolutionNode = FALSE
	EndGlobalSection
	GlobalSection(ExtensibilityGlobals) = postSolution
		SolutionGuid = {83AA3DB0-F21B-40B2-AFD5-2EF5AB6A0365}
	EndGlobalSection
EndGlobal
